
Microsoft Visual Studio Solution File, Format Version 12.00
Project("{2150E333-8FDC-42A3-9474-1A3956D46DE8}") = "src", "src", "{E2C1F332-AAF3-4111-B77F-0FA1A5EE9CB9}"
EndProject
Project("{2150E333-8FDC-42A3-9474-1A3956D46DE8}") = "tests", "tests", "{531CE0D3-CD9A-4656-94D6-FBB6DA2E8BA5}"
EndProject
Project("{FAE04EC0-301F-11D3-BF4B-00C04F79EFBC}") = "FriendlyEnum", "src\FriendlyEnum\FriendlyEnum.csproj", "{42094FEE-64CC-45B7-A8DB-41C19F5CBE1F}"
EndProject
Project("{FAE04EC0-301F-11D3-BF4B-00C04F79EFBC}") = "FriendlyEnum.Tests", "tests\FriendlyEnum.Tests\FriendlyEnum.Tests.csproj", "{C6EE0629-7318-46CF-840E-1AC64B1A4FEA}"
EndProject
Global
	GlobalSection(SolutionConfigurationPlatforms) = preSolution
		Debug|Any CPU = Debug|Any CPU
		Release|Any CPU = Release|Any CPU
	EndGlobalSection
	GlobalSection(NestedProjects) = preSolution
		{42094FEE-64CC-45B7-A8DB-41C19F5CBE1F} = {E2C1F332-AAF3-4111-B77F-0FA1A5EE9CB9}
		{C6EE0629-7318-46CF-840E-1AC64B1A4FEA} = {531CE0D3-CD9A-4656-94D6-FBB6DA2E8BA5}
	EndGlobalSection
	GlobalSection(ProjectConfigurationPlatforms) = postSolution
		{42094FEE-64CC-45B7-A8DB-41C19F5CBE1F}.Debug|Any CPU.ActiveCfg = Debug|Any CPU
		{42094FEE-64CC-45B7-A8DB-41C19F5CBE1F}.Debug|Any CPU.Build.0 = Debug|Any CPU
		{42094FEE-64CC-45B7-A8DB-41C19F5CBE1F}.Release|Any CPU.ActiveCfg = Release|Any CPU
		{42094FEE-64CC-45B7-A8DB-41C19F5CBE1F}.Release|Any CPU.Build.0 = Release|Any CPU
		{C6EE0629-7318-46CF-840E-1AC64B1A4FEA}.Debug|Any CPU.ActiveCfg = Debug|Any CPU
		{C6EE0629-7318-46CF-840E-1AC64B1A4FEA}.Debug|Any CPU.Build.0 = Debug|Any CPU
		{C6EE0629-7318-46CF-840E-1AC64B1A4FEA}.Release|Any CPU.ActiveCfg = Release|Any CPU
		{C6EE0629-7318-46CF-840E-1AC64B1A4FEA}.Release|Any CPU.Build.0 = Release|Any CPU
	EndGlobalSection
EndGlobal
